<?xml version="1.0" encoding="utf-8"?>
<Project ToolsVersion="4.0" xmlns="http://schemas.microsoft.com/developer/msbuild/2003">
  <ItemGroup>
    <Filter Include="Source Files">
      <UniqueIdentifier>{4FC737F1-C7A5-4376-A066-2A32D752A2FF}</UniqueIdentifier>
      <Extensions>cpp;c;cc;cxx;def;odl;idl;hpj;bat;asm;asmx</Extensions>
    </Filter>
    <Filter Include="Header Files">
      <UniqueIdentifier>{93995380-89BD-4b04-88EB-625FBE52EBFB}</UniqueIdentifier>
      <Extensions>h;hh;hpp;hxx;hm;inl;inc;ipp;xsd</Extensions>
    </Filter>
    <Filter Include="Header Files\H_Algorithms">
      <UniqueIdentifier>{3d6eccf6-5f3d-4d8a-96af-281a5810d668}</UniqueIdentifier>
    </Filter>
    <Filter Include="Source Files\S_Algorithms">
      <UniqueIdentifier>{d9005fc0-c964-4bd1-9e30-b8630012f2e4}</UniqueIdentifier>
    </Filter>
    <Filter Include="Source Files\S_Services">
      <UniqueIdentifier>{1dd67bf9-0a3a-49ba-be02-e91a422e34e2}</UniqueIdentifier>
    </Filter>
    <Filter Include="Header Files\H_Entities">
      <UniqueIdentifier>{1410af37-c7c5-4464-bab9-30c4fc353dce}</UniqueIdentifier>
    </Filter>
    <Filter Include="Source Files\S_Entities">
      <UniqueIdentifier>{d07ec621-0d29-42f8-81fc-ecd5150826bf}</UniqueIdentifier>
    </Filter>
    <Filter Include="Source Files\S_Helpers">
      <UniqueIdentifier>{a546a0e8-6ab0-40f0-8699-f19bdf2c5673}</UniqueIdentifier>
    </Filter>
    <Filter Include="Header Files\H_Helpers">
      <UniqueIdentifier>{a6d55a2c-12d4-4460-8a31-9ea486c783f6}</UniqueIdentifier>
    </Filter>
    <Filter Include="Default Files">
      <UniqueIdentifier>{67DA6AB6-F800-4c08-8B7A-83BB121AAD01}</UniqueIdentifier>
      <Extensions>rc;ico;cur;bmp;dlg;rc2;rct;bin;rgs;gif;jpg;jpeg;jpe;resx;tiff;tif;png;wav;mfcribbon-ms</Extensions>
    </Filter>
    <Filter Include="Header Files\H_Services">
      <UniqueIdentifier>{59042b0f-401c-4d9a-a5f0-15e12f4f8f77}</UniqueIdentifier>
    </Filter>
  </ItemGroup>
  <ItemGroup>
    <ClInclude Include="targetver.h">
      <Filter>Default Files</Filter>
    </ClInclude>
    <ClInclude Include="stdafx.h">
      <Filter>Default Files</Filter>
    </ClInclude>
    <ClInclude Include="Services\CalibrationService.h">
      <Filter>Header Files\H_Services</Filter>
    </ClInclude>
    <ClInclude Include="Services\CannyService.h">
      <Filter>Header Files\H_Services</Filter>
    </ClInclude>
    <ClInclude Include="Services\DelaunayService.h">
      <Filter>Header Files\H_Services</Filter>
    </ClInclude>
    <ClInclude Include="Services\FindRegionsService.h">
      <Filter>Header Files\H_Services</Filter>
    </ClInclude>
    <ClInclude Include="Services\FireflyService.h">
      <Filter>Header Files\H_Services</Filter>
    </ClInclude>
    <ClInclude Include="Services\RansacService.h">
      <Filter>Header Files\H_Services</Filter>
    </ClInclude>
    <ClInclude Include="Services\SiftService.h">
      <Filter>Header Files\H_Services</Filter>
    </ClInclude>
    <ClInclude Include="Algorithms\OpenCV.h">
      <Filter>Header Files\H_Algorithms</Filter>
    </ClInclude>
    <ClInclude Include="Algorithms\OpenGL.h">
      <Filter>Header Files\H_Algorithms</Filter>
    </ClInclude>
    <ClInclude Include="Services\ControllerService.h">
      <Filter>Header Files\H_Services</Filter>
    </ClInclude>
    <ClInclude Include="Services\RenderService.h">
      <Filter>Header Files\H_Services</Filter>
    </ClInclude>
    <ClInclude Include="Entities\PointPair.h">
      <Filter>Header Files\H_Entities</Filter>
    </ClInclude>
    <ClInclude Include="Services\ConnectedComponentsService.h">
      <Filter>Header Files\H_Services</Filter>
    </ClInclude>
    <ClInclude Include="Services\InputImageService.h">
      <Filter>Header Files\H_Services</Filter>
    </ClInclude>
    <ClInclude Include="Helpers\PointsUtilities.h">
      <Filter>Header Files\H_Helpers</Filter>
    </ClInclude>
    <ClInclude Include="Entities\TimeExecution.h">
      <Filter>Header Files\H_Entities</Filter>
    </ClInclude>
    <ClInclude Include="Services\TestService.h">
      <Filter>Header Files\H_Services</Filter>
    </ClInclude>
    <ClInclude Include="Helpers\Time.h">
      <Filter>Header Files\H_Helpers</Filter>
    </ClInclude>
    <ClInclude Include="Helpers\Convert.h">
      <Filter>Header Files\H_Helpers</Filter>
    </ClInclude>
    <ClInclude Include="Helpers\Console.h">
      <Filter>Header Files\H_Helpers</Filter>
    </ClInclude>
    <ClInclude Include="Helpers\Export.h">
      <Filter>Header Files\H_Helpers</Filter>
    </ClInclude>
    <ClInclude Include="Entities\SiftResult.h">
      <Filter>Header Files\H_Entities</Filter>
    </ClInclude>
    <ClInclude Include="Helpers\Visualizer.h">
      <Filter>Header Files\H_Helpers</Filter>
    </ClInclude>
    <ClInclude Include="Helpers\Import.h">
      <Filter>Header Files\H_Helpers</Filter>
    </ClInclude>
    <ClInclude Include="Helpers\StringHelper.h">
      <Filter>Header Files\H_Helpers</Filter>
    </ClInclude>
    <ClInclude Include="Entities\RenderProperties.h">
      <Filter>Header Files\H_Entities</Filter>
    </ClInclude>
    <ClInclude Include="Helpers\Tsallis.h">
      <Filter>Header Files\H_Helpers</Filter>
    </ClInclude>
    <ClInclude Include="Helpers\MultiThreshold.h">
      <Filter>Header Files\H_Helpers</Filter>
    </ClInclude>
    <ClInclude Include="Algorithms\Firefly.h">
      <Filter>Header Files\H_Algorithms</Filter>
    </ClInclude>
    <ClInclude Include="Helpers\ReconstructionDefine.h">
      <Filter>Header Files\H_Helpers</Filter>
    </ClInclude>
  </ItemGroup>
  <ItemGroup>
    <ClCompile Include="stdafx.cpp">
      <Filter>Default Files</Filter>
    </ClCompile>
    <ClCompile Include="Main.cpp">
      <Filter>Source Files</Filter>
    </ClCompile>
    <ClCompile Include="Services\RansacService.cpp">
      <Filter>Source Files\S_Services</Filter>
    </ClCompile>
    <ClCompile Include="Services\FireflyService.cpp">
      <Filter>Source Files\S_Services</Filter>
    </ClCompile>
    <ClCompile Include="Services\FindRegionsService.cpp">
      <Filter>Source Files\S_Services</Filter>
    </ClCompile>
    <ClCompile Include="Services\DelaunayService.cpp">
      <Filter>Source Files\S_Services</Filter>
    </ClCompile>
    <ClCompile Include="Services\CannyService.cpp">
      <Filter>Source Files\S_Services</Filter>
    </ClCompile>
    <ClCompile Include="Services\CalibrationService.cpp">
      <Filter>Source Files\S_Services</Filter>
    </ClCompile>
    <ClCompile Include="Services\SiftService.cpp">
      <Filter>Source Files\S_Services</Filter>
    </ClCompile>
    <ClCompile Include="Algorithms\OpenCV.cpp">
      <Filter>Source Files\S_Algorithms</Filter>
    </ClCompile>
    <ClCompile Include="Algorithms\OpenGL.cpp">
      <Filter>Source Files\S_Algorithms</Filter>
    </ClCompile>
    <ClCompile Include="Services\ControllerService.cpp">
      <Filter>Source Files\S_Services</Filter>
    </ClCompile>
    <ClCompile Include="Services\RenderService.cpp">
      <Filter>Source Files\S_Services</Filter>
    </ClCompile>
    <ClCompile Include="Entities\PointPair.cpp">
      <Filter>Source Files\S_Entities</Filter>
    </ClCompile>
    <ClCompile Include="Services\InputImageService.cpp">
      <Filter>Source Files\S_Services</Filter>
    </ClCompile>
    <ClCompile Include="Helpers\PointsUtilities.cpp">
      <Filter>Source Files\S_Helpers</Filter>
    </ClCompile>
    <ClCompile Include="Services\TestService.cpp">
      <Filter>Source Files\S_Services</Filter>
    </ClCompile>
    <ClCompile Include="Helpers\Time.cpp">
      <Filter>Source Files\S_Helpers</Filter>
    </ClCompile>
    <ClCompile Include="Entities\TimeExecution.cpp">
      <Filter>Source Files\S_Entities</Filter>
    </ClCompile>
    <ClCompile Include="Helpers\Convert.cpp">
      <Filter>Source Files\S_Helpers</Filter>
    </ClCompile>
    <ClCompile Include="Helpers\Console.cpp">
      <Filter>Source Files\S_Helpers</Filter>
    </ClCompile>
    <ClCompile Include="Helpers\Export.cpp">
      <Filter>Source Files\S_Helpers</Filter>
    </ClCompile>
    <ClCompile Include="Entities\SiftResult.cpp">
      <Filter>Source Files\S_Entities</Filter>
    </ClCompile>
    <ClCompile Include="Helpers\Visualizer.cpp">
      <Filter>Source Files\S_Helpers</Filter>
    </ClCompile>
    <ClCompile Include="Helpers\Import.cpp">
      <Filter>Source Files\S_Helpers</Filter>
    </ClCompile>
    <ClCompile Include="Helpers\StringHelper.cpp">
      <Filter>Source Files\S_Helpers</Filter>
    </ClCompile>
    <ClCompile Include="Entities\RenderProperties.cpp">
      <Filter>Source Files\S_Entities</Filter>
    </ClCompile>
    <ClCompile Include="Helpers\Tsallis.cpp">
      <Filter>Source Files\S_Helpers</Filter>
    </ClCompile>
    <ClCompile Include="Helpers\MultiThreshold.cpp">
      <Filter>Source Files\S_Helpers</Filter>
    </ClCompile>
    <ClCompile Include="Algorithms\Firefly.cpp">
      <Filter>Source Files\S_Algorithms</Filter>
    </ClCompile>
    <ClCompile Include="Services\ConnectedComponentsService.cpp">
      <Filter>Source Files\S_Services</Filter>
    </ClCompile>
    <ClCompile Include="vtk3D.cpp">
      <Filter>Source Files</Filter>
    </ClCompile>
  </ItemGroup>
</Project>